
Microsoft Visual Studio Solution File, Format Version 12.00
# Visual Studio Version 17
VisualStudioVersion = 17.7.34031.279
MinimumVisualStudioVersion = 10.0.40219.1
Project("{FAE04EC0-301F-11D3-BF4B-00C04F79EFBC}") = "MVC.PL", "MVC.PL.csproj", "{BC9A7C29-ECAA-441C-A992-C1C49498996C}"
EndProject
Project("{FAE04EC0-301F-11D3-BF4B-00C04F79EFBC}") = "MVC.BLL", "..\MVC.BLL\MVC.BLL.csproj", "{4DE3E0D0-6A8F-4420-B9A3-72D50A0B689D}"
EndProject
Project("{FAE04EC0-301F-11D3-BF4B-00C04F79EFBC}") = "MVC.DAL", "..\MVC.DAL\MVC.DAL.csproj", "{721BF4C0-C44B-4997-8F06-55D2827005EE}"
EndProject
Global
	GlobalSection(SolutionConfigurationPlatforms) = preSolution
		Debug|Any CPU = Debug|Any CPU
		Release|Any CPU = Release|Any CPU
	EndGlobalSection
	GlobalSection(ProjectConfigurationPlatforms) = postSolution
		{BC9A7C29-ECAA-441C-A992-C1C49498996C}.Debug|Any CPU.ActiveCfg = Debug|Any CPU
		{BC9A7C29-ECAA-441C-A992-C1C49498996C}.Debug|Any CPU.Build.0 = Debug|Any CPU
		{BC9A7C29-ECAA-441C-A992-C1C49498996C}.Release|Any CPU.ActiveCfg = Release|Any CPU
		{BC9A7C29-ECAA-441C-A992-C1C49498996C}.Release|Any CPU.Build.0 = Release|Any CPU
		{4DE3E0D0-6A8F-4420-B9A3-72D50A0B689D}.Debug|Any CPU.ActiveCfg = Debug|Any CPU
		{4DE3E0D0-6A8F-4420-B9A3-72D50A0B689D}.Debug|Any CPU.Build.0 = Debug|Any CPU
		{4DE3E0D0-6A8F-4420-B9A3-72D50A0B689D}.Release|Any CPU.ActiveCfg = Release|Any CPU
		{4DE3E0D0-6A8F-4420-B9A3-72D50A0B689D}.Release|Any CPU.Build.0 = Release|Any CPU
		{721BF4C0-C44B-4997-8F06-55D2827005EE}.Debug|Any CPU.ActiveCfg = Debug|Any CPU
		{721BF4C0-C44B-4997-8F06-55D2827005EE}.Debug|Any CPU.Build.0 = Debug|Any CPU
		{721BF4C0-C44B-4997-8F06-55D2827005EE}.Release|Any CPU.ActiveCfg = Release|Any CPU
		{721BF4C0-C44B-4997-8F06-55D2827005EE}.Release|Any CPU.Build.0 = Release|Any CPU
	EndGlobalSection
	GlobalSection(SolutionProperties) = preSolution
		HideSolutionNode = FALSE
	EndGlobalSection
	GlobalSection(ExtensibilityGlobals) = postSolution
		SolutionGuid = {EAEBFF09-46FB-4411-86D1-2F1C9E89ADA1}
	EndGlobalSection
EndGlobal
